// !$*UTF8*$!
{
	archiveVersion = 1;
	classes = {
	};
	objectVersion = 48;
	objects = {

/* Begin PBXBuildFile section */
		A3063D041FF8845A001405A7 /* linkedhashtable.h in Headers */ = {isa = PBXBuildFile; fileRef = A3063CF71FF88459001405A7 /* linkedhashtable.h */; settings = {ATTRIBUTES = (Public, ); }; };
		A3063D051FF8845A001405A7 /* check.h in Headers */ = {isa = PBXBuildFile; fileRef = A3063CF81FF88459001405A7 /* check.h */; settings = {ATTRIBUTES = (Public, ); }; };
		A3063D061FF8845A001405A7 /* socket.h in Headers */ = {isa = PBXBuildFile; fileRef = A3063CF91FF88459001405A7 /* socket.h */; settings = {ATTRIBUTES = (Public, ); }; };
		A3063D071FF8845A001405A7 /* vlog.h in Headers */ = {isa = PBXBuildFile; fileRef = A3063CFA1FF88459001405A7 /* vlog.h */; settings = {ATTRIBUTES = (Public, ); }; };
		A3063D081FF8845A001405A7 /* rc_mem.h in Headers */ = {isa = PBXBuildFile; fileRef = A3063CFB1FF88459001405A7 /* rc_mem.h */; settings = {ATTRIBUTES = (Public, ); }; };
		A3063D091FF8845A001405A7 /* base58.h in Headers */ = {isa = PBXBuildFile; fileRef = A3063CFC1FF8845A001405A7 /* base58.h */; settings = {ATTRIBUTES = (Public, ); }; };
		A3063D0A1FF8845A001405A7 /* linkedlist.h in Headers */ = {isa = PBXBuildFile; fileRef = A3063CFD1FF8845A001405A7 /* linkedlist.h */; settings = {ATTRIBUTES = (Public, ); }; };
		A3063D0B1FF8845A001405A7 /* timerheap.h in Headers */ = {isa = PBXBuildFile; fileRef = A3063CFE1FF8845A001405A7 /* timerheap.h */; settings = {ATTRIBUTES = (Public, ); }; };
		A3063D0C1FF8845A001405A7 /* crypto.h in Headers */ = {isa = PBXBuildFile; fileRef = A3063CFF1FF8845A001405A7 /* crypto.h */; settings = {ATTRIBUTES = (Public, ); }; };
		A3063D0D1FF8845A001405A7 /* common_export.h in Headers */ = {isa = PBXBuildFile; fileRef = A3063D001FF8845A001405A7 /* common_export.h */; settings = {ATTRIBUTES = (Public, ); }; };
		A3063D0E1FF8845A001405A7 /* ids_heap.h in Headers */ = {isa = PBXBuildFile; fileRef = A3063D011FF8845A001405A7 /* ids_heap.h */; settings = {ATTRIBUTES = (Public, ); }; };
		A3063D0F1FF8845A001405A7 /* time_util.h in Headers */ = {isa = PBXBuildFile; fileRef = A3063D021FF8845A001405A7 /* time_util.h */; settings = {ATTRIBUTES = (Public, ); }; };
		A3063D101FF8845A001405A7 /* bitset.h in Headers */ = {isa = PBXBuildFile; fileRef = A3063D031FF8845A001405A7 /* bitset.h */; settings = {ATTRIBUTES = (Public, ); }; };
		A3063D1C1FF88478001405A7 /* base58.c in Sources */ = {isa = PBXBuildFile; fileRef = A3063D111FF88477001405A7 /* base58.c */; };
		A3063D1D1FF88478001405A7 /* linkedlist.c in Sources */ = {isa = PBXBuildFile; fileRef = A3063D121FF88477001405A7 /* linkedlist.c */; };
		A3063D1E1FF88478001405A7 /* rc_mem.c in Sources */ = {isa = PBXBuildFile; fileRef = A3063D131FF88477001405A7 /* rc_mem.c */; };
		A3063D1F1FF88478001405A7 /* bitset.c in Sources */ = {isa = PBXBuildFile; fileRef = A3063D141FF88477001405A7 /* bitset.c */; };
		A3063D201FF88478001405A7 /* linkedhashtable.c in Sources */ = {isa = PBXBuildFile; fileRef = A3063D151FF88477001405A7 /* linkedhashtable.c */; };
		A3063D211FF88478001405A7 /* crypto.c in Sources */ = {isa = PBXBuildFile; fileRef = A3063D161FF88478001405A7 /* crypto.c */; };
		A3063D221FF88478001405A7 /* socket.c in Sources */ = {isa = PBXBuildFile; fileRef = A3063D171FF88478001405A7 /* socket.c */; };
		A3063D231FF88478001405A7 /* time_util.c in Sources */ = {isa = PBXBuildFile; fileRef = A3063D181FF88478001405A7 /* time_util.c */; };
		A3063D241FF88478001405A7 /* ids_heap.c in Sources */ = {isa = PBXBuildFile; fileRef = A3063D191FF88478001405A7 /* ids_heap.c */; };
		A3063D251FF88478001405A7 /* timerheap.c in Sources */ = {isa = PBXBuildFile; fileRef = A3063D1A1FF88478001405A7 /* timerheap.c */; };
		A3063D261FF88478001405A7 /* vlog.c in Sources */ = {isa = PBXBuildFile; fileRef = A3063D1B1FF88478001405A7 /* vlog.c */; };
		A3063D281FF88546001405A7 /* libsodium.a in Frameworks */ = {isa = PBXBuildFile; fileRef = A3063D291FF88546001405A7 /* libsodium.a */; };
/* End PBXBuildFile section */

/* Begin PBXFileReference section */
		A3063CEE1FF88405001405A7 /* libelacommon.dylib */ = {isa = PBXFileReference; explicitFileType = "compiled.mach-o.dylib"; includeInIndex = 0; path = libelacommon.dylib; sourceTree = BUILT_PRODUCTS_DIR; };
		A3063CF71FF88459001405A7 /* linkedhashtable.h */ = {isa = PBXFileReference; fileEncoding = 4; lastKnownFileType = sourcecode.c.h; name = linkedhashtable.h; path = ../../src/common/linkedhashtable.h; sourceTree = "<group>"; };
		A3063CF81FF88459001405A7 /* check.h */ = {isa = PBXFileReference; fileEncoding = 4; lastKnownFileType = sourcecode.c.h; name = check.h; path = ../../src/common/check.h; sourceTree = "<group>"; };
		A3063CF91FF88459001405A7 /* socket.h */ = {isa = PBXFileReference; fileEncoding = 4; lastKnownFileType = sourcecode.c.h; name = socket.h; path = ../../src/common/socket.h; sourceTree = "<group>"; };
		A3063CFA1FF88459001405A7 /* vlog.h */ = {isa = PBXFileReference; fileEncoding = 4; lastKnownFileType = sourcecode.c.h; name = vlog.h; path = ../../src/common/vlog.h; sourceTree = "<group>"; };
		A3063CFB1FF88459001405A7 /* rc_mem.h */ = {isa = PBXFileReference; fileEncoding = 4; lastKnownFileType = sourcecode.c.h; name = rc_mem.h; path = ../../src/common/rc_mem.h; sourceTree = "<group>"; };
		A3063CFC1FF8845A001405A7 /* base58.h */ = {isa = PBXFileReference; fileEncoding = 4; lastKnownFileType = sourcecode.c.h; name = base58.h; path = ../../src/common/base58.h; sourceTree = "<group>"; };
		A3063CFD1FF8845A001405A7 /* linkedlist.h */ = {isa = PBXFileReference; fileEncoding = 4; lastKnownFileType = sourcecode.c.h; name = linkedlist.h; path = ../../src/common/linkedlist.h; sourceTree = "<group>"; };
		A3063CFE1FF8845A001405A7 /* timerheap.h */ = {isa = PBXFileReference; fileEncoding = 4; lastKnownFileType = sourcecode.c.h; name = timerheap.h; path = ../../src/common/timerheap.h; sourceTree = "<group>"; };
		A3063CFF1FF8845A001405A7 /* crypto.h */ = {isa = PBXFileReference; fileEncoding = 4; lastKnownFileType = sourcecode.c.h; name = crypto.h; path = ../../src/common/crypto.h; sourceTree = "<group>"; };
		A3063D001FF8845A001405A7 /* common_export.h */ = {isa = PBXFileReference; fileEncoding = 4; lastKnownFileType = sourcecode.c.h; name = common_export.h; path = ../../src/common/common_export.h; sourceTree = "<group>"; };
		A3063D011FF8845A001405A7 /* ids_heap.h */ = {isa = PBXFileReference; fileEncoding = 4; lastKnownFileType = sourcecode.c.h; name = ids_heap.h; path = ../../src/common/ids_heap.h; sourceTree = "<group>"; };
		A3063D021FF8845A001405A7 /* time_util.h */ = {isa = PBXFileReference; fileEncoding = 4; lastKnownFileType = sourcecode.c.h; name = time_util.h; path = ../../src/common/time_util.h; sourceTree = "<group>"; };
		A3063D031FF8845A001405A7 /* bitset.h */ = {isa = PBXFileReference; fileEncoding = 4; lastKnownFileType = sourcecode.c.h; name = bitset.h; path = ../../src/common/bitset.h; sourceTree = "<group>"; };
		A3063D111FF88477001405A7 /* base58.c */ = {isa = PBXFileReference; fileEncoding = 4; lastKnownFileType = sourcecode.c.c; name = base58.c; path = ../../src/common/base58.c; sourceTree = "<group>"; };
		A3063D121FF88477001405A7 /* linkedlist.c */ = {isa = PBXFileReference; fileEncoding = 4; lastKnownFileType = sourcecode.c.c; name = linkedlist.c; path = ../../src/common/linkedlist.c; sourceTree = "<group>"; };
		A3063D131FF88477001405A7 /* rc_mem.c */ = {isa = PBXFileReference; fileEncoding = 4; lastKnownFileType = sourcecode.c.c; name = rc_mem.c; path = ../../src/common/rc_mem.c; sourceTree = "<group>"; };
		A3063D141FF88477001405A7 /* bitset.c */ = {isa = PBXFileReference; fileEncoding = 4; lastKnownFileType = sourcecode.c.c; name = bitset.c; path = ../../src/common/bitset.c; sourceTree = "<group>"; };
		A3063D151FF88477001405A7 /* linkedhashtable.c */ = {isa = PBXFileReference; fileEncoding = 4; lastKnownFileType = sourcecode.c.c; name = linkedhashtable.c; path = ../../src/common/linkedhashtable.c; sourceTree = "<group>"; };
		A3063D161FF88478001405A7 /* crypto.c */ = {isa = PBXFileReference; fileEncoding = 4; lastKnownFileType = sourcecode.c.c; name = crypto.c; path = ../../src/common/crypto.c; sourceTree = "<group>"; };
		A3063D171FF88478001405A7 /* socket.c */ = {isa = PBXFileReference; fileEncoding = 4; lastKnownFileType = sourcecode.c.c; name = socket.c; path = ../../src/common/socket.c; sourceTree = "<group>"; };
		A3063D181FF88478001405A7 /* time_util.c */ = {isa = PBXFileReference; fileEncoding = 4; lastKnownFileType = sourcecode.c.c; name = time_util.c; path = ../../src/common/time_util.c; sourceTree = "<group>"; };
		A3063D191FF88478001405A7 /* ids_heap.c */ = {isa = PBXFileReference; fileEncoding = 4; lastKnownFileType = sourcecode.c.c; name = ids_heap.c; path = ../../src/common/ids_heap.c; sourceTree = "<group>"; };
		A3063D1A1FF88478001405A7 /* timerheap.c */ = {isa = PBXFileReference; fileEncoding = 4; lastKnownFileType = sourcecode.c.c; name = timerheap.c; path = ../../src/common/timerheap.c; sourceTree = "<group>"; };
		A3063D1B1FF88478001405A7 /* vlog.c */ = {isa = PBXFileReference; fileEncoding = 4; lastKnownFileType = sourcecode.c.c; name = vlog.c; path = ../../src/common/vlog.c; sourceTree = "<group>"; };
		A3063D291FF88546001405A7 /* libsodium.a */ = {isa = PBXFileReference; explicitFileType = archive.ar; path = libsodium.a; sourceTree = BUILT_PRODUCTS_DIR; };
/* End PBXFileReference section */

/* Begin PBXFrameworksBuildPhase section */
		A3063CEB1FF88405001405A7 /* Frameworks */ = {
			isa = PBXFrameworksBuildPhase;
			buildActionMask = 2147483647;
			files = (
				A3063D281FF88546001405A7 /* libsodium.a in Frameworks */,
			);
			runOnlyForDeploymentPostprocessing = 0;
		};
/* End PBXFrameworksBuildPhase section */

/* Begin PBXGroup section */
		A3063CE51FF88405001405A7 = {
			isa = PBXGroup;
			children = (
				A3063CF61FF88411001405A7 /* headers */,
				A3063CF51FF8840A001405A7 /* src */,
				A3063CEF1FF88405001405A7 /* Products */,
				A3063D271FF88546001405A7 /* Frameworks */,
			);
			sourceTree = "<group>";
		};
		A3063CEF1FF88405001405A7 /* Products */ = {
			isa = PBXGroup;
			children = (
				A3063CEE1FF88405001405A7 /* libelacommon.dylib */,
			);
			name = Products;
			sourceTree = "<group>";
		};
		A3063CF51FF8840A001405A7 /* src */ = {
			isa = PBXGroup;
			children = (
				A3063D111FF88477001405A7 /* base58.c */,
				A3063D141FF88477001405A7 /* bitset.c */,
				A3063D161FF88478001405A7 /* crypto.c */,
				A3063D191FF88478001405A7 /* ids_heap.c */,
				A3063D151FF88477001405A7 /* linkedhashtable.c */,
				A3063D121FF88477001405A7 /* linkedlist.c */,
				A3063D131FF88477001405A7 /* rc_mem.c */,
				A3063D171FF88478001405A7 /* socket.c */,
				A3063D181FF88478001405A7 /* time_util.c */,
				A3063D1A1FF88478001405A7 /* timerheap.c */,
				A3063D1B1FF88478001405A7 /* vlog.c */,
			);
			name = src;
			sourceTree = "<group>";
		};
		A3063CF61FF88411001405A7 /* headers */ = {
			isa = PBXGroup;
			children = (
				A3063CFC1FF8845A001405A7 /* base58.h */,
				A3063D031FF8845A001405A7 /* bitset.h */,
				A3063CF81FF88459001405A7 /* check.h */,
				A3063D001FF8845A001405A7 /* common_export.h */,
				A3063CFF1FF8845A001405A7 /* crypto.h */,
				A3063D011FF8845A001405A7 /* ids_heap.h */,
				A3063CF71FF88459001405A7 /* linkedhashtable.h */,
				A3063CFD1FF8845A001405A7 /* linkedlist.h */,
				A3063CFB1FF88459001405A7 /* rc_mem.h */,
				A3063CF91FF88459001405A7 /* socket.h */,
				A3063D021FF8845A001405A7 /* time_util.h */,
				A3063CFE1FF8845A001405A7 /* timerheap.h */,
				A3063CFA1FF88459001405A7 /* vlog.h */,
			);
			name = headers;
			sourceTree = "<group>";
		};
		A3063D271FF88546001405A7 /* Frameworks */ = {
			isa = PBXGroup;
			children = (
				A3063D291FF88546001405A7 /* libsodium.a */,
			);
			name = Frameworks;
			sourceTree = "<group>";
		};
/* End PBXGroup section */

/* Begin PBXHeadersBuildPhase section */
		A3063CEC1FF88405001405A7 /* Headers */ = {
			isa = PBXHeadersBuildPhase;
			buildActionMask = 2147483647;
			files = (
				A3063D0B1FF8845A001405A7 /* timerheap.h in Headers */,
				A3063D0F1FF8845A001405A7 /* time_util.h in Headers */,
				A3063D091FF8845A001405A7 /* base58.h in Headers */,
				A3063D0C1FF8845A001405A7 /* crypto.h in Headers */,
				A3063D0D1FF8845A001405A7 /* common_export.h in Headers */,
				A3063D071FF8845A001405A7 /* vlog.h in Headers */,
				A3063D101FF8845A001405A7 /* bitset.h in Headers */,
				A3063D061FF8845A001405A7 /* socket.h in Headers */,
				A3063D0E1FF8845A001405A7 /* ids_heap.h in Headers */,
				A3063D0A1FF8845A001405A7 /* linkedlist.h in Headers */,
				A3063D041FF8845A001405A7 /* linkedhashtable.h in Headers */,
				A3063D081FF8845A001405A7 /* rc_mem.h in Headers */,
				A3063D051FF8845A001405A7 /* check.h in Headers */,
			);
			runOnlyForDeploymentPostprocessing = 0;
		};
/* End PBXHeadersBuildPhase section */

/* Begin PBXNativeTarget section */
		A3063CED1FF88405001405A7 /* elacommon */ = {
			isa = PBXNativeTarget;
			buildConfigurationList = A3063CF21FF88405001405A7 /* Build configuration list for PBXNativeTarget "elacommon" */;
			buildPhases = (
				A3063CEA1FF88405001405A7 /* Sources */,
				A3063CEB1FF88405001405A7 /* Frameworks */,
				A3063CEC1FF88405001405A7 /* Headers */,
			);
			buildRules = (
			);
			dependencies = (
			);
			name = elacommon;
			productName = elacommon;
			productReference = A3063CEE1FF88405001405A7 /* libelacommon.dylib */;
			productType = "com.apple.product-type.library.dynamic";
		};
/* End PBXNativeTarget section */

/* Begin PBXProject section */
		A3063CE61FF88405001405A7 /* Project object */ = {
			isa = PBXProject;
			attributes = {
				LastUpgradeCheck = 0920;
				ORGANIZATIONNAME = io.iwhisper;
				TargetAttributes = {
					A3063CED1FF88405001405A7 = {
						CreatedOnToolsVersion = 9.2;
						ProvisioningStyle = Automatic;
					};
				};
			};
			buildConfigurationList = A3063CE91FF88405001405A7 /* Build configuration list for PBXProject "elacommon" */;
			compatibilityVersion = "Xcode 8.0";
			developmentRegion = en;
			hasScannedForEncodings = 0;
			knownRegions = (
				en,
			);
			mainGroup = A3063CE51FF88405001405A7;
			productRefGroup = A3063CEF1FF88405001405A7 /* Products */;
			projectDirPath = "";
			projectRoot = "";
			targets = (
				A3063CED1FF88405001405A7 /* elacommon */,
			);
		};
/* End PBXProject section */

/* Begin PBXSourcesBuildPhase section */
		A3063CEA1FF88405001405A7 /* Sources */ = {
			isa = PBXSourcesBuildPhase;
			buildActionMask = 2147483647;
			files = (
				A3063D231FF88478001405A7 /* time_util.c in Sources */,
				A3063D1F1FF88478001405A7 /* bitset.c in Sources */,
				A3063D261FF88478001405A7 /* vlog.c in Sources */,
				A3063D1E1FF88478001405A7 /* rc_mem.c in Sources */,
				A3063D1D1FF88478001405A7 /* linkedlist.c in Sources */,
				A3063D201FF88478001405A7 /* linkedhashtable.c in Sources */,
				A3063D221FF88478001405A7 /* socket.c in Sources */,
				A3063D211FF88478001405A7 /* crypto.c in Sources */,
				A3063D251FF88478001405A7 /* timerheap.c in Sources */,
				A3063D241FF88478001405A7 /* ids_heap.c in Sources */,
				A3063D1C1FF88478001405A7 /* base58.c in Sources */,
			);
			runOnlyForDeploymentPostprocessing = 0;
		};
/* End PBXSourcesBuildPhase section */

/* Begin XCBuildConfiguration section */
		A3063CF01FF88405001405A7 /* Debug */ = {
			isa = XCBuildConfiguration;
			buildSettings = {
				ALWAYS_SEARCH_USER_PATHS = NO;
				CLANG_ANALYZER_NONNULL = YES;
				CLANG_ANALYZER_NUMBER_OBJECT_CONVERSION = YES_AGGRESSIVE;
				CLANG_CXX_LANGUAGE_STANDARD = "gnu++14";
				CLANG_CXX_LIBRARY = "libc++";
				CLANG_ENABLE_MODULES = YES;
				CLANG_ENABLE_OBJC_ARC = YES;
				CLANG_WARN_BLOCK_CAPTURE_AUTORELEASING = YES;
				CLANG_WARN_BOOL_CONVERSION = YES;
				CLANG_WARN_COMMA = YES;
				CLANG_WARN_CONSTANT_CONVERSION = YES;
				CLANG_WARN_DIRECT_OBJC_ISA_USAGE = YES_ERROR;
				CLANG_WARN_DOCUMENTATION_COMMENTS = YES;
				CLANG_WARN_EMPTY_BODY = YES;
				CLANG_WARN_ENUM_CONVERSION = YES;
				CLANG_WARN_INFINITE_RECURSION = YES;
				CLANG_WARN_INT_CONVERSION = YES;
				CLANG_WARN_NON_LITERAL_NULL_CONVERSION = YES;
				CLANG_WARN_OBJC_LITERAL_CONVERSION = YES;
				CLANG_WARN_OBJC_ROOT_CLASS = YES_ERROR;
				CLANG_WARN_RANGE_LOOP_ANALYSIS = YES;
				CLANG_WARN_STRICT_PROTOTYPES = YES;
				CLANG_WARN_SUSPICIOUS_MOVE = YES;
				CLANG_WARN_UNGUARDED_AVAILABILITY = YES_AGGRESSIVE;
				CLANG_WARN_UNREACHABLE_CODE = YES;
				CLANG_WARN__DUPLICATE_METHOD_MATCH = YES;
				CODE_SIGN_IDENTITY = "-";
				COPY_PHASE_STRIP = NO;
				DEBUG_INFORMATION_FORMAT = dwarf;
				ENABLE_STRICT_OBJC_MSGSEND = YES;
				ENABLE_TESTABILITY = YES;
				GCC_C_LANGUAGE_STANDARD = gnu11;
				GCC_DYNAMIC_NO_PIC = NO;
				GCC_NO_COMMON_BLOCKS = YES;
				GCC_OPTIMIZATION_LEVEL = 0;
				GCC_PREPROCESSOR_DEFINITIONS = (
					"DEBUG=1",
					"$(inherited)",
				);
				GCC_WARN_64_TO_32_BIT_CONVERSION = YES;
				GCC_WARN_ABOUT_RETURN_TYPE = YES_ERROR;
				GCC_WARN_UNDECLARED_SELECTOR = YES;
				GCC_WARN_UNINITIALIZED_AUTOS = YES_AGGRESSIVE;
				GCC_WARN_UNUSED_FUNCTION = YES;
				GCC_WARN_UNUSED_VARIABLE = YES;
				MACOSX_DEPLOYMENT_TARGET = 10.13;
				MTL_ENABLE_DEBUG_INFO = YES;
				ONLY_ACTIVE_ARCH = YES;
				SDKROOT = macosx;
			};
			name = Debug;
		};
		A3063CF31FF88405001405A7 /* Debug */ = {
			isa = XCBuildConfiguration;
			buildSettings = {
				CODE_SIGN_STYLE = Automatic;
				DYLIB_COMPATIBILITY_VERSION = 1;
				DYLIB_CURRENT_VERSION = 1;
				EXECUTABLE_PREFIX = lib;
				LIBRARY_SEARCH_PATHS = "$(BUILT_PRODUCTS_DIR)/lib";
				PRODUCT_NAME = "$(TARGET_NAME)";
			};
			name = Debug;
		};
/* End XCBuildConfiguration section */

/* Begin XCConfigurationList section */
		A3063CE91FF88405001405A7 /* Build configuration list for PBXProject "elacommon" */ = {
			isa = XCConfigurationList;
			buildConfigurations = (
				A3063CF01FF88405001405A7 /* Debug */,
			);
			defaultConfigurationIsVisible = 0;
			defaultConfigurationName = Debug;
		};
		A3063CF21FF88405001405A7 /* Build configuration list for PBXNativeTarget "elacommon" */ = {
			isa = XCConfigurationList;
			buildConfigurations = (
				A3063CF31FF88405001405A7 /* Debug */,
			);
			defaultConfigurationIsVisible = 0;
			defaultConfigurationName = Debug;
		};
/* End XCConfigurationList section */
	};
	rootObject = A3063CE61FF88405001405A7 /* Project object */;
}
