// !$*UTF8*$!
{
	archiveVersion = 1;
	classes = {
	};
	objectVersion = 48;
	objects = {

/* Begin PBXContainerItemProxy section */
		A3063C881FF88180001405A7 /* PBXContainerItemProxy */ = {
			isa = PBXContainerItemProxy;
			containerPortal = A3063C111FF7B471001405A7 /* Project object */;
			proxyType = 1;
			remoteGlobalIDString = A3063C151FF7B471001405A7;
			remoteInfo = pjsip;
		};
		A3063C911FF881A1001405A7 /* PBXContainerItemProxy */ = {
			isa = PBXContainerItemProxy;
			containerPortal = A3063C111FF7B471001405A7 /* Project object */;
			proxyType = 1;
			remoteGlobalIDString = A3063C151FF7B471001405A7;
			remoteInfo = pjsip;
		};
		A3063CA11FF881C6001405A7 /* PBXContainerItemProxy */ = {
			isa = PBXContainerItemProxy;
			containerPortal = A3063C111FF7B471001405A7 /* Project object */;
			proxyType = 1;
			remoteGlobalIDString = A3063C151FF7B471001405A7;
			remoteInfo = pjsip;
		};
		A3063CA31FF881CA001405A7 /* PBXContainerItemProxy */ = {
			isa = PBXContainerItemProxy;
			containerPortal = A3063C111FF7B471001405A7 /* Project object */;
			proxyType = 1;
			remoteGlobalIDString = A3063C151FF7B471001405A7;
			remoteInfo = pjsip;
		};
		A3063CA51FF881DD001405A7 /* PBXContainerItemProxy */ = {
			isa = PBXContainerItemProxy;
			containerPortal = A3063C111FF7B471001405A7 /* Project object */;
			proxyType = 1;
			remoteGlobalIDString = A3063C831FF88177001405A7;
			remoteInfo = pj;
		};
		A3063CA71FF881DD001405A7 /* PBXContainerItemProxy */ = {
			isa = PBXContainerItemProxy;
			containerPortal = A3063C111FF7B471001405A7 /* Project object */;
			proxyType = 1;
			remoteGlobalIDString = A3063C8D1FF88191001405A7;
			remoteInfo = "pjlib-util";
		};
		A3063CA91FF881E6001405A7 /* PBXContainerItemProxy */ = {
			isa = PBXContainerItemProxy;
			containerPortal = A3063C111FF7B471001405A7 /* Project object */;
			proxyType = 1;
			remoteGlobalIDString = A3063C831FF88177001405A7;
			remoteInfo = pj;
		};
		A3063CAB1FF881E6001405A7 /* PBXContainerItemProxy */ = {
			isa = PBXContainerItemProxy;
			containerPortal = A3063C111FF7B471001405A7 /* Project object */;
			proxyType = 1;
			remoteGlobalIDString = A3063C8D1FF88191001405A7;
			remoteInfo = "pjlib-util";
		};
		A3063CAD1FF881E6001405A7 /* PBXContainerItemProxy */ = {
			isa = PBXContainerItemProxy;
			containerPortal = A3063C111FF7B471001405A7 /* Project object */;
			proxyType = 1;
			remoteGlobalIDString = A3063C961FF881B4001405A7;
			remoteInfo = pjnath;
		};
/* End PBXContainerItemProxy section */

/* Begin PBXFileReference section */
		A3063C7F1FF8814A001405A7 /* Makefile */ = {isa = PBXFileReference; fileEncoding = 4; lastKnownFileType = sourcecode.make; path = Makefile; sourceTree = "<group>"; };
		A3063C841FF88177001405A7 /* libpj.a */ = {isa = PBXFileReference; explicitFileType = archive.ar; includeInIndex = 0; path = libpj.a; sourceTree = BUILT_PRODUCTS_DIR; };
		A3063C8E1FF88191001405A7 /* libpjlib-util.a */ = {isa = PBXFileReference; explicitFileType = archive.ar; includeInIndex = 0; path = "libpjlib-util.a"; sourceTree = BUILT_PRODUCTS_DIR; };
		A3063C971FF881B4001405A7 /* libpjnath.a */ = {isa = PBXFileReference; explicitFileType = archive.ar; includeInIndex = 0; path = libpjnath.a; sourceTree = BUILT_PRODUCTS_DIR; };
		A3063C9E1FF881C0001405A7 /* libpjmedia.a */ = {isa = PBXFileReference; explicitFileType = archive.ar; includeInIndex = 0; path = libpjmedia.a; sourceTree = BUILT_PRODUCTS_DIR; };
/* End PBXFileReference section */

/* Begin PBXFrameworksBuildPhase section */
		A3063C811FF88177001405A7 /* Frameworks */ = {
			isa = PBXFrameworksBuildPhase;
			buildActionMask = 2147483647;
			files = (
			);
			runOnlyForDeploymentPostprocessing = 0;
		};
		A3063C8B1FF88191001405A7 /* Frameworks */ = {
			isa = PBXFrameworksBuildPhase;
			buildActionMask = 2147483647;
			files = (
			);
			runOnlyForDeploymentPostprocessing = 0;
		};
		A3063C941FF881B4001405A7 /* Frameworks */ = {
			isa = PBXFrameworksBuildPhase;
			buildActionMask = 2147483647;
			files = (
			);
			runOnlyForDeploymentPostprocessing = 0;
		};
		A3063C9B1FF881C0001405A7 /* Frameworks */ = {
			isa = PBXFrameworksBuildPhase;
			buildActionMask = 2147483647;
			files = (
			);
			runOnlyForDeploymentPostprocessing = 0;
		};
/* End PBXFrameworksBuildPhase section */

/* Begin PBXGroup section */
		A3063C101FF7B471001405A7 = {
			isa = PBXGroup;
			children = (
				A3063C7F1FF8814A001405A7 /* Makefile */,
				A3063C851FF88177001405A7 /* Products */,
			);
			sourceTree = "<group>";
		};
		A3063C851FF88177001405A7 /* Products */ = {
			isa = PBXGroup;
			children = (
				A3063C841FF88177001405A7 /* libpj.a */,
				A3063C8E1FF88191001405A7 /* libpjlib-util.a */,
				A3063C971FF881B4001405A7 /* libpjnath.a */,
				A3063C9E1FF881C0001405A7 /* libpjmedia.a */,
			);
			name = Products;
			sourceTree = "<group>";
		};
/* End PBXGroup section */

/* Begin PBXHeadersBuildPhase section */
		A3063C821FF88177001405A7 /* Headers */ = {
			isa = PBXHeadersBuildPhase;
			buildActionMask = 2147483647;
			files = (
			);
			runOnlyForDeploymentPostprocessing = 0;
		};
		A3063C8C1FF88191001405A7 /* Headers */ = {
			isa = PBXHeadersBuildPhase;
			buildActionMask = 2147483647;
			files = (
			);
			runOnlyForDeploymentPostprocessing = 0;
		};
		A3063C951FF881B4001405A7 /* Headers */ = {
			isa = PBXHeadersBuildPhase;
			buildActionMask = 2147483647;
			files = (
			);
			runOnlyForDeploymentPostprocessing = 0;
		};
		A3063C9C1FF881C0001405A7 /* Headers */ = {
			isa = PBXHeadersBuildPhase;
			buildActionMask = 2147483647;
			files = (
			);
			runOnlyForDeploymentPostprocessing = 0;
		};
/* End PBXHeadersBuildPhase section */

/* Begin PBXLegacyTarget section */
		A3063C151FF7B471001405A7 /* pjsip */ = {
			isa = PBXLegacyTarget;
			buildArgumentsString = "$(ACTION)";
			buildConfigurationList = A3063C181FF7B471001405A7 /* Build configuration list for PBXLegacyTarget "pjsip" */;
			buildPhases = (
			);
			buildToolPath = /usr/bin/make;
			dependencies = (
			);
			name = pjsip;
			passBuildSettingsInEnvironment = 1;
			productName = pjsip;
		};
/* End PBXLegacyTarget section */

/* Begin PBXNativeTarget section */
		A3063C831FF88177001405A7 /* pj */ = {
			isa = PBXNativeTarget;
			buildConfigurationList = A3063C861FF88177001405A7 /* Build configuration list for PBXNativeTarget "pj" */;
			buildPhases = (
				A3063C801FF88177001405A7 /* Sources */,
				A3063C811FF88177001405A7 /* Frameworks */,
				A3063C821FF88177001405A7 /* Headers */,
			);
			buildRules = (
			);
			dependencies = (
				A3063C891FF88180001405A7 /* PBXTargetDependency */,
			);
			name = pj;
			productName = pj;
			productReference = A3063C841FF88177001405A7 /* libpj.a */;
			productType = "com.apple.product-type.library.static";
		};
		A3063C8D1FF88191001405A7 /* pjlib-util */ = {
			isa = PBXNativeTarget;
			buildConfigurationList = A3063C8F1FF88191001405A7 /* Build configuration list for PBXNativeTarget "pjlib-util" */;
			buildPhases = (
				A3063C8A1FF88191001405A7 /* Sources */,
				A3063C8B1FF88191001405A7 /* Frameworks */,
				A3063C8C1FF88191001405A7 /* Headers */,
			);
			buildRules = (
			);
			dependencies = (
				A3063C921FF881A1001405A7 /* PBXTargetDependency */,
			);
			name = "pjlib-util";
			productName = "pjlib-util";
			productReference = A3063C8E1FF88191001405A7 /* libpjlib-util.a */;
			productType = "com.apple.product-type.library.static";
		};
		A3063C961FF881B4001405A7 /* pjnath */ = {
			isa = PBXNativeTarget;
			buildConfigurationList = A3063C981FF881B4001405A7 /* Build configuration list for PBXNativeTarget "pjnath" */;
			buildPhases = (
				A3063C931FF881B4001405A7 /* Sources */,
				A3063C941FF881B4001405A7 /* Frameworks */,
				A3063C951FF881B4001405A7 /* Headers */,
			);
			buildRules = (
			);
			dependencies = (
				A3063CA61FF881DD001405A7 /* PBXTargetDependency */,
				A3063CA81FF881DD001405A7 /* PBXTargetDependency */,
				A3063CA21FF881C6001405A7 /* PBXTargetDependency */,
			);
			name = pjnath;
			productName = pjnath;
			productReference = A3063C971FF881B4001405A7 /* libpjnath.a */;
			productType = "com.apple.product-type.library.static";
		};
		A3063C9D1FF881C0001405A7 /* pjmedia */ = {
			isa = PBXNativeTarget;
			buildConfigurationList = A3063C9F1FF881C0001405A7 /* Build configuration list for PBXNativeTarget "pjmedia" */;
			buildPhases = (
				A3063C9A1FF881C0001405A7 /* Sources */,
				A3063C9B1FF881C0001405A7 /* Frameworks */,
				A3063C9C1FF881C0001405A7 /* Headers */,
			);
			buildRules = (
			);
			dependencies = (
				A3063CAA1FF881E6001405A7 /* PBXTargetDependency */,
				A3063CAC1FF881E6001405A7 /* PBXTargetDependency */,
				A3063CAE1FF881E6001405A7 /* PBXTargetDependency */,
				A3063CA41FF881CA001405A7 /* PBXTargetDependency */,
			);
			name = pjmedia;
			productName = pjmedia;
			productReference = A3063C9E1FF881C0001405A7 /* libpjmedia.a */;
			productType = "com.apple.product-type.library.static";
		};
/* End PBXNativeTarget section */

/* Begin PBXProject section */
		A3063C111FF7B471001405A7 /* Project object */ = {
			isa = PBXProject;
			attributes = {
				LastUpgradeCheck = 0920;
				ORGANIZATIONNAME = io.iwhisper;
				TargetAttributes = {
					A3063C151FF7B471001405A7 = {
						CreatedOnToolsVersion = 9.2;
						ProvisioningStyle = Automatic;
					};
					A3063C831FF88177001405A7 = {
						CreatedOnToolsVersion = 9.2;
						ProvisioningStyle = Automatic;
					};
					A3063C8D1FF88191001405A7 = {
						CreatedOnToolsVersion = 9.2;
						ProvisioningStyle = Automatic;
					};
					A3063C961FF881B4001405A7 = {
						CreatedOnToolsVersion = 9.2;
						ProvisioningStyle = Automatic;
					};
					A3063C9D1FF881C0001405A7 = {
						CreatedOnToolsVersion = 9.2;
						ProvisioningStyle = Automatic;
					};
				};
			};
			buildConfigurationList = A3063C141FF7B471001405A7 /* Build configuration list for PBXProject "pjsip" */;
			compatibilityVersion = "Xcode 8.0";
			developmentRegion = en;
			hasScannedForEncodings = 0;
			knownRegions = (
				en,
			);
			mainGroup = A3063C101FF7B471001405A7;
			productRefGroup = A3063C851FF88177001405A7 /* Products */;
			projectDirPath = "";
			projectRoot = "";
			targets = (
				A3063C151FF7B471001405A7 /* pjsip */,
				A3063C831FF88177001405A7 /* pj */,
				A3063C8D1FF88191001405A7 /* pjlib-util */,
				A3063C961FF881B4001405A7 /* pjnath */,
				A3063C9D1FF881C0001405A7 /* pjmedia */,
			);
		};
/* End PBXProject section */

/* Begin PBXSourcesBuildPhase section */
		A3063C801FF88177001405A7 /* Sources */ = {
			isa = PBXSourcesBuildPhase;
			buildActionMask = 2147483647;
			files = (
			);
			runOnlyForDeploymentPostprocessing = 0;
		};
		A3063C8A1FF88191001405A7 /* Sources */ = {
			isa = PBXSourcesBuildPhase;
			buildActionMask = 2147483647;
			files = (
			);
			runOnlyForDeploymentPostprocessing = 0;
		};
		A3063C931FF881B4001405A7 /* Sources */ = {
			isa = PBXSourcesBuildPhase;
			buildActionMask = 2147483647;
			files = (
			);
			runOnlyForDeploymentPostprocessing = 0;
		};
		A3063C9A1FF881C0001405A7 /* Sources */ = {
			isa = PBXSourcesBuildPhase;
			buildActionMask = 2147483647;
			files = (
			);
			runOnlyForDeploymentPostprocessing = 0;
		};
/* End PBXSourcesBuildPhase section */

/* Begin PBXTargetDependency section */
		A3063C891FF88180001405A7 /* PBXTargetDependency */ = {
			isa = PBXTargetDependency;
			target = A3063C151FF7B471001405A7 /* pjsip */;
			targetProxy = A3063C881FF88180001405A7 /* PBXContainerItemProxy */;
		};
		A3063C921FF881A1001405A7 /* PBXTargetDependency */ = {
			isa = PBXTargetDependency;
			target = A3063C151FF7B471001405A7 /* pjsip */;
			targetProxy = A3063C911FF881A1001405A7 /* PBXContainerItemProxy */;
		};
		A3063CA21FF881C6001405A7 /* PBXTargetDependency */ = {
			isa = PBXTargetDependency;
			target = A3063C151FF7B471001405A7 /* pjsip */;
			targetProxy = A3063CA11FF881C6001405A7 /* PBXContainerItemProxy */;
		};
		A3063CA41FF881CA001405A7 /* PBXTargetDependency */ = {
			isa = PBXTargetDependency;
			target = A3063C151FF7B471001405A7 /* pjsip */;
			targetProxy = A3063CA31FF881CA001405A7 /* PBXContainerItemProxy */;
		};
		A3063CA61FF881DD001405A7 /* PBXTargetDependency */ = {
			isa = PBXTargetDependency;
			target = A3063C831FF88177001405A7 /* pj */;
			targetProxy = A3063CA51FF881DD001405A7 /* PBXContainerItemProxy */;
		};
		A3063CA81FF881DD001405A7 /* PBXTargetDependency */ = {
			isa = PBXTargetDependency;
			target = A3063C8D1FF88191001405A7 /* pjlib-util */;
			targetProxy = A3063CA71FF881DD001405A7 /* PBXContainerItemProxy */;
		};
		A3063CAA1FF881E6001405A7 /* PBXTargetDependency */ = {
			isa = PBXTargetDependency;
			target = A3063C831FF88177001405A7 /* pj */;
			targetProxy = A3063CA91FF881E6001405A7 /* PBXContainerItemProxy */;
		};
		A3063CAC1FF881E6001405A7 /* PBXTargetDependency */ = {
			isa = PBXTargetDependency;
			target = A3063C8D1FF88191001405A7 /* pjlib-util */;
			targetProxy = A3063CAB1FF881E6001405A7 /* PBXContainerItemProxy */;
		};
		A3063CAE1FF881E6001405A7 /* PBXTargetDependency */ = {
			isa = PBXTargetDependency;
			target = A3063C961FF881B4001405A7 /* pjnath */;
			targetProxy = A3063CAD1FF881E6001405A7 /* PBXContainerItemProxy */;
		};
/* End PBXTargetDependency section */

/* Begin XCBuildConfiguration section */
		A3063C161FF7B471001405A7 /* Debug */ = {
			isa = XCBuildConfiguration;
			buildSettings = {
				ALWAYS_SEARCH_USER_PATHS = NO;
				CLANG_ANALYZER_NONNULL = YES;
				CLANG_ANALYZER_NUMBER_OBJECT_CONVERSION = YES_AGGRESSIVE;
				CLANG_CXX_LANGUAGE_STANDARD = "gnu++14";
				CLANG_CXX_LIBRARY = "libc++";
				CLANG_ENABLE_MODULES = YES;
				CLANG_ENABLE_OBJC_ARC = YES;
				CLANG_WARN_BLOCK_CAPTURE_AUTORELEASING = YES;
				CLANG_WARN_BOOL_CONVERSION = YES;
				CLANG_WARN_COMMA = YES;
				CLANG_WARN_CONSTANT_CONVERSION = YES;
				CLANG_WARN_DIRECT_OBJC_ISA_USAGE = YES_ERROR;
				CLANG_WARN_DOCUMENTATION_COMMENTS = YES;
				CLANG_WARN_EMPTY_BODY = YES;
				CLANG_WARN_ENUM_CONVERSION = YES;
				CLANG_WARN_INFINITE_RECURSION = YES;
				CLANG_WARN_INT_CONVERSION = YES;
				CLANG_WARN_NON_LITERAL_NULL_CONVERSION = YES;
				CLANG_WARN_OBJC_LITERAL_CONVERSION = YES;
				CLANG_WARN_OBJC_ROOT_CLASS = YES_ERROR;
				CLANG_WARN_RANGE_LOOP_ANALYSIS = YES;
				CLANG_WARN_STRICT_PROTOTYPES = YES;
				CLANG_WARN_SUSPICIOUS_MOVE = YES;
				CLANG_WARN_UNGUARDED_AVAILABILITY = YES_AGGRESSIVE;
				CLANG_WARN_UNREACHABLE_CODE = YES;
				CLANG_WARN__DUPLICATE_METHOD_MATCH = YES;
				COPY_PHASE_STRIP = NO;
				DEBUG_INFORMATION_FORMAT = dwarf;
				ENABLE_STRICT_OBJC_MSGSEND = YES;
				ENABLE_TESTABILITY = YES;
				GCC_C_LANGUAGE_STANDARD = gnu11;
				GCC_DYNAMIC_NO_PIC = NO;
				GCC_NO_COMMON_BLOCKS = YES;
				GCC_OPTIMIZATION_LEVEL = 0;
				GCC_PREPROCESSOR_DEFINITIONS = (
					"DEBUG=1",
					"$(inherited)",
				);
				GCC_WARN_64_TO_32_BIT_CONVERSION = YES;
				GCC_WARN_ABOUT_RETURN_TYPE = YES_ERROR;
				GCC_WARN_UNDECLARED_SELECTOR = YES;
				GCC_WARN_UNINITIALIZED_AUTOS = YES_AGGRESSIVE;
				GCC_WARN_UNUSED_FUNCTION = YES;
				GCC_WARN_UNUSED_VARIABLE = YES;
				MTL_ENABLE_DEBUG_INFO = YES;
				ONLY_ACTIVE_ARCH = YES;
			};
			name = Debug;
		};
		A3063C191FF7B471001405A7 /* Debug */ = {
			isa = XCBuildConfiguration;
			buildSettings = {
				CODE_SIGN_STYLE = Automatic;
				DEBUGGING_SYMBOLS = YES;
				DEBUG_INFORMATION_FORMAT = dwarf;
				GCC_GENERATE_DEBUGGING_SYMBOLS = YES;
				GCC_OPTIMIZATION_LEVEL = 0;
				OTHER_CFLAGS = "";
				OTHER_LDFLAGS = "";
				PRODUCT_NAME = "$(TARGET_NAME)";
			};
			name = Debug;
		};
		A3063C871FF88177001405A7 /* Debug */ = {
			isa = XCBuildConfiguration;
			buildSettings = {
				CODE_SIGN_IDENTITY = "-";
				CODE_SIGN_STYLE = Automatic;
				EXECUTABLE_PREFIX = lib;
				MACOSX_DEPLOYMENT_TARGET = 10.13;
				PRODUCT_NAME = "$(TARGET_NAME)";
				SDKROOT = macosx;
			};
			name = Debug;
		};
		A3063C901FF88191001405A7 /* Debug */ = {
			isa = XCBuildConfiguration;
			buildSettings = {
				CODE_SIGN_IDENTITY = "-";
				CODE_SIGN_STYLE = Automatic;
				EXECUTABLE_PREFIX = lib;
				MACOSX_DEPLOYMENT_TARGET = 10.13;
				PRODUCT_NAME = "$(TARGET_NAME)";
				SDKROOT = macosx;
			};
			name = Debug;
		};
		A3063C991FF881B4001405A7 /* Debug */ = {
			isa = XCBuildConfiguration;
			buildSettings = {
				CODE_SIGN_IDENTITY = "-";
				CODE_SIGN_STYLE = Automatic;
				EXECUTABLE_PREFIX = lib;
				MACOSX_DEPLOYMENT_TARGET = 10.13;
				PRODUCT_NAME = "$(TARGET_NAME)";
				SDKROOT = macosx;
			};
			name = Debug;
		};
		A3063CA01FF881C0001405A7 /* Debug */ = {
			isa = XCBuildConfiguration;
			buildSettings = {
				CODE_SIGN_IDENTITY = "-";
				CODE_SIGN_STYLE = Automatic;
				EXECUTABLE_PREFIX = lib;
				MACOSX_DEPLOYMENT_TARGET = 10.13;
				PRODUCT_NAME = "$(TARGET_NAME)";
				SDKROOT = macosx;
			};
			name = Debug;
		};
/* End XCBuildConfiguration section */

/* Begin XCConfigurationList section */
		A3063C141FF7B471001405A7 /* Build configuration list for PBXProject "pjsip" */ = {
			isa = XCConfigurationList;
			buildConfigurations = (
				A3063C161FF7B471001405A7 /* Debug */,
			);
			defaultConfigurationIsVisible = 0;
			defaultConfigurationName = Debug;
		};
		A3063C181FF7B471001405A7 /* Build configuration list for PBXLegacyTarget "pjsip" */ = {
			isa = XCConfigurationList;
			buildConfigurations = (
				A3063C191FF7B471001405A7 /* Debug */,
			);
			defaultConfigurationIsVisible = 0;
			defaultConfigurationName = Debug;
		};
		A3063C861FF88177001405A7 /* Build configuration list for PBXNativeTarget "pj" */ = {
			isa = XCConfigurationList;
			buildConfigurations = (
				A3063C871FF88177001405A7 /* Debug */,
			);
			defaultConfigurationIsVisible = 0;
			defaultConfigurationName = Debug;
		};
		A3063C8F1FF88191001405A7 /* Build configuration list for PBXNativeTarget "pjlib-util" */ = {
			isa = XCConfigurationList;
			buildConfigurations = (
				A3063C901FF88191001405A7 /* Debug */,
			);
			defaultConfigurationIsVisible = 0;
			defaultConfigurationName = Debug;
		};
		A3063C981FF881B4001405A7 /* Build configuration list for PBXNativeTarget "pjnath" */ = {
			isa = XCConfigurationList;
			buildConfigurations = (
				A3063C991FF881B4001405A7 /* Debug */,
			);
			defaultConfigurationIsVisible = 0;
			defaultConfigurationName = Debug;
		};
		A3063C9F1FF881C0001405A7 /* Build configuration list for PBXNativeTarget "pjmedia" */ = {
			isa = XCConfigurationList;
			buildConfigurations = (
				A3063CA01FF881C0001405A7 /* Debug */,
			);
			defaultConfigurationIsVisible = 0;
			defaultConfigurationName = Debug;
		};
/* End XCConfigurationList section */
	};
	rootObject = A3063C111FF7B471001405A7 /* Project object */;
}
