// !$*UTF8*$!
{
	archiveVersion = 1;
	classes = {
	};
	objectVersion = 48;
	objects = {

/* Begin PBXFileReference section */
		A39BD1121FF9D9A000401F6F /* Makefile */ = {isa = PBXFileReference; fileEncoding = 4; lastKnownFileType = sourcecode.make; path = Makefile; sourceTree = "<group>"; };
		A39BD1171FF9D9BD00401F6F /* libcunit.a */ = {isa = PBXFileReference; explicitFileType = archive.ar; includeInIndex = 0; path = libcunit.a; sourceTree = BUILT_PRODUCTS_DIR; };
/* End PBXFileReference section */

/* Begin PBXFrameworksBuildPhase section */
		A39BD1141FF9D9BD00401F6F /* Frameworks */ = {
			isa = PBXFrameworksBuildPhase;
			buildActionMask = 2147483647;
			files = (
			);
			runOnlyForDeploymentPostprocessing = 0;
		};
/* End PBXFrameworksBuildPhase section */

/* Begin PBXGroup section */
		A39BD1071FF9D96100401F6F = {
			isa = PBXGroup;
			children = (
				A39BD1121FF9D9A000401F6F /* Makefile */,
				A39BD1181FF9D9BD00401F6F /* Products */,
			);
			sourceTree = "<group>";
		};
		A39BD1181FF9D9BD00401F6F /* Products */ = {
			isa = PBXGroup;
			children = (
				A39BD1171FF9D9BD00401F6F /* libcunit.a */,
			);
			name = Products;
			sourceTree = "<group>";
		};
/* End PBXGroup section */

/* Begin PBXHeadersBuildPhase section */
		A39BD1151FF9D9BD00401F6F /* Headers */ = {
			isa = PBXHeadersBuildPhase;
			buildActionMask = 2147483647;
			files = (
			);
			runOnlyForDeploymentPostprocessing = 0;
		};
/* End PBXHeadersBuildPhase section */

/* Begin PBXLegacyTarget section */
		A39BD10C1FF9D96100401F6F /* CUnit */ = {
			isa = PBXLegacyTarget;
			buildArgumentsString = "$(ACTION)";
			buildConfigurationList = A39BD10F1FF9D96100401F6F /* Build configuration list for PBXLegacyTarget "CUnit" */;
			buildPhases = (
			);
			buildToolPath = /usr/bin/make;
			dependencies = (
			);
			name = CUnit;
			passBuildSettingsInEnvironment = 1;
			productName = CUnit;
		};
/* End PBXLegacyTarget section */

/* Begin PBXNativeTarget section */
		A39BD1161FF9D9BD00401F6F /* cunit */ = {
			isa = PBXNativeTarget;
			buildConfigurationList = A39BD1191FF9D9BD00401F6F /* Build configuration list for PBXNativeTarget "cunit" */;
			buildPhases = (
				A39BD1131FF9D9BD00401F6F /* Sources */,
				A39BD1141FF9D9BD00401F6F /* Frameworks */,
				A39BD1151FF9D9BD00401F6F /* Headers */,
			);
			buildRules = (
			);
			dependencies = (
			);
			name = cunit;
			productName = cunit;
			productReference = A39BD1171FF9D9BD00401F6F /* libcunit.a */;
			productType = "com.apple.product-type.library.static";
		};
/* End PBXNativeTarget section */

/* Begin PBXProject section */
		A39BD1081FF9D96100401F6F /* Project object */ = {
			isa = PBXProject;
			attributes = {
				LastUpgradeCheck = 0920;
				ORGANIZATIONNAME = io.iwhisper;
				TargetAttributes = {
					A39BD10C1FF9D96100401F6F = {
						CreatedOnToolsVersion = 9.2;
						ProvisioningStyle = Automatic;
					};
					A39BD1161FF9D9BD00401F6F = {
						CreatedOnToolsVersion = 9.2;
						ProvisioningStyle = Automatic;
					};
				};
			};
			buildConfigurationList = A39BD10B1FF9D96100401F6F /* Build configuration list for PBXProject "CUnit" */;
			compatibilityVersion = "Xcode 8.0";
			developmentRegion = en;
			hasScannedForEncodings = 0;
			knownRegions = (
				en,
			);
			mainGroup = A39BD1071FF9D96100401F6F;
			productRefGroup = A39BD1181FF9D9BD00401F6F /* Products */;
			projectDirPath = "";
			projectRoot = "";
			targets = (
				A39BD10C1FF9D96100401F6F /* CUnit */,
				A39BD1161FF9D9BD00401F6F /* cunit */,
			);
		};
/* End PBXProject section */

/* Begin PBXSourcesBuildPhase section */
		A39BD1131FF9D9BD00401F6F /* Sources */ = {
			isa = PBXSourcesBuildPhase;
			buildActionMask = 2147483647;
			files = (
			);
			runOnlyForDeploymentPostprocessing = 0;
		};
/* End PBXSourcesBuildPhase section */

/* Begin XCBuildConfiguration section */
		A39BD10D1FF9D96100401F6F /* Debug */ = {
			isa = XCBuildConfiguration;
			buildSettings = {
				ALWAYS_SEARCH_USER_PATHS = NO;
				CLANG_ANALYZER_NONNULL = YES;
				CLANG_ANALYZER_NUMBER_OBJECT_CONVERSION = YES_AGGRESSIVE;
				CLANG_CXX_LANGUAGE_STANDARD = "gnu++14";
				CLANG_CXX_LIBRARY = "libc++";
				CLANG_ENABLE_MODULES = YES;
				CLANG_ENABLE_OBJC_ARC = YES;
				CLANG_WARN_BLOCK_CAPTURE_AUTORELEASING = YES;
				CLANG_WARN_BOOL_CONVERSION = YES;
				CLANG_WARN_COMMA = YES;
				CLANG_WARN_CONSTANT_CONVERSION = YES;
				CLANG_WARN_DIRECT_OBJC_ISA_USAGE = YES_ERROR;
				CLANG_WARN_DOCUMENTATION_COMMENTS = YES;
				CLANG_WARN_EMPTY_BODY = YES;
				CLANG_WARN_ENUM_CONVERSION = YES;
				CLANG_WARN_INFINITE_RECURSION = YES;
				CLANG_WARN_INT_CONVERSION = YES;
				CLANG_WARN_NON_LITERAL_NULL_CONVERSION = YES;
				CLANG_WARN_OBJC_LITERAL_CONVERSION = YES;
				CLANG_WARN_OBJC_ROOT_CLASS = YES_ERROR;
				CLANG_WARN_RANGE_LOOP_ANALYSIS = YES;
				CLANG_WARN_STRICT_PROTOTYPES = YES;
				CLANG_WARN_SUSPICIOUS_MOVE = YES;
				CLANG_WARN_UNGUARDED_AVAILABILITY = YES_AGGRESSIVE;
				CLANG_WARN_UNREACHABLE_CODE = YES;
				CLANG_WARN__DUPLICATE_METHOD_MATCH = YES;
				COPY_PHASE_STRIP = NO;
				DEBUG_INFORMATION_FORMAT = dwarf;
				ENABLE_STRICT_OBJC_MSGSEND = YES;
				ENABLE_TESTABILITY = YES;
				GCC_C_LANGUAGE_STANDARD = gnu11;
				GCC_DYNAMIC_NO_PIC = NO;
				GCC_NO_COMMON_BLOCKS = YES;
				GCC_OPTIMIZATION_LEVEL = 0;
				GCC_PREPROCESSOR_DEFINITIONS = (
					"DEBUG=1",
					"$(inherited)",
				);
				GCC_WARN_64_TO_32_BIT_CONVERSION = YES;
				GCC_WARN_ABOUT_RETURN_TYPE = YES_ERROR;
				GCC_WARN_UNDECLARED_SELECTOR = YES;
				GCC_WARN_UNINITIALIZED_AUTOS = YES_AGGRESSIVE;
				GCC_WARN_UNUSED_FUNCTION = YES;
				GCC_WARN_UNUSED_VARIABLE = YES;
				MTL_ENABLE_DEBUG_INFO = YES;
				ONLY_ACTIVE_ARCH = YES;
			};
			name = Debug;
		};
		A39BD1101FF9D96100401F6F /* Debug */ = {
			isa = XCBuildConfiguration;
			buildSettings = {
				CODE_SIGN_STYLE = Automatic;
				DEBUGGING_SYMBOLS = YES;
				DEBUG_INFORMATION_FORMAT = dwarf;
				GCC_GENERATE_DEBUGGING_SYMBOLS = YES;
				GCC_OPTIMIZATION_LEVEL = 0;
				OTHER_CFLAGS = "";
				OTHER_LDFLAGS = "";
				PRODUCT_NAME = "$(TARGET_NAME)";
			};
			name = Debug;
		};
		A39BD11A1FF9D9BD00401F6F /* Debug */ = {
			isa = XCBuildConfiguration;
			buildSettings = {
				CODE_SIGN_IDENTITY = "-";
				CODE_SIGN_STYLE = Automatic;
				EXECUTABLE_PREFIX = lib;
				MACOSX_DEPLOYMENT_TARGET = 10.13;
				PRODUCT_NAME = "$(TARGET_NAME)";
				SDKROOT = macosx;
			};
			name = Debug;
		};
/* End XCBuildConfiguration section */

/* Begin XCConfigurationList section */
		A39BD10B1FF9D96100401F6F /* Build configuration list for PBXProject "CUnit" */ = {
			isa = XCConfigurationList;
			buildConfigurations = (
				A39BD10D1FF9D96100401F6F /* Debug */,
			);
			defaultConfigurationIsVisible = 0;
			defaultConfigurationName = Debug;
		};
		A39BD10F1FF9D96100401F6F /* Build configuration list for PBXLegacyTarget "CUnit" */ = {
			isa = XCConfigurationList;
			buildConfigurations = (
				A39BD1101FF9D96100401F6F /* Debug */,
			);
			defaultConfigurationIsVisible = 0;
			defaultConfigurationName = Debug;
		};
		A39BD1191FF9D9BD00401F6F /* Build configuration list for PBXNativeTarget "cunit" */ = {
			isa = XCConfigurationList;
			buildConfigurations = (
				A39BD11A1FF9D9BD00401F6F /* Debug */,
			);
			defaultConfigurationIsVisible = 0;
			defaultConfigurationName = Debug;
		};
/* End XCConfigurationList section */
	};
	rootObject = A39BD1081FF9D96100401F6F /* Project object */;
}
